hash: 69cb147a74456c48258fa7689b47d1e43eee742795499e14af23eb277c0d1816
updated: 2016-08-02T16:48:08.013282329-07:00
imports:
- name: github.com/kelseyhightower/envconfig
  version: ac12b1f15efba734211a556d8b125110dc538016
- name: github.com/vmware/govmomi
  version: c0c7ce63df7edd78e713257b924c89d9a2dac119
  subpackages:
  - find
  - list
  - object
  - property
  - session
  - task
  - units
  - vim25
  - vim25/debug
  - vim25/methods
  - vim25/mo
  - vim25/progress
  - vim25/soap
  - vim25/types
  - vim25/xml
- name: golang.org/x/net
  version: 3797cd8864994d713d909eda5e61ede8683fdc12
  subpackages:
  - context
testImports: []
