hash: 694635e14e7a21ec751b3819abfbd92d610db9d2d5e132168c5967df20a08ea8
updated: 2016-10-05T11:52:45.59323952-06:00
imports:
- name: github.com/kelseyhightower/envconfig
  version: ac12b1f15efba734211a556d8b125110dc538016
- name: github.com/onsi/ginkgo
  version: 43e2af1f01ace55adbb6d7d0f30416476db1baae
  subpackages:
  - ginkgo
- name: github.com/onsi/gomega
  version: c90bd38f8da6e92f8b114953db2f0ad7361fb4b4
- name: github.com/vmware/govmomi
  version: f9184c1d704efa615d419dd8d1dae1ade94701d1
  subpackages:
  - property
  - session
  - vim25
  - vim25/debug
  - vim25/methods
  - vim25/mo
  - vim25/progress
  - vim25/soap
  - vim25/types
  - vim25/xml
testImports: []
